{
    "version": 3,
    "terraform_version": "0.7.13",
    "serial": 0,
    "lineage": "099d6a7f-3384-4b99-8f96-767931f6d722",
    "modules": [
        {
            "path": [
                "root"
            ],
            "outputs": {},
            "resources": {
                "aws_autoscaling_group.master-us-east-1a-masters-kops-rich-dev-ca": {
                    "type": "aws_autoscaling_group",
                    "depends_on": [
                        "aws_launch_configuration.master-us-east-1a-masters-kops-rich-dev-ca",
                        "aws_subnet.us-east-1a-kops-rich-dev-ca"
                    ],
                    "primary": {
                        "id": "master-us-east-1a.masters.kops.rich-dev.ca",
                        "attributes": {
                            "arn": "arn:aws:autoscaling:us-east-1:161662518216:autoScalingGroup:29e4515b-2147-445c-9d6a-ac01b017e64e:autoScalingGroupName/master-us-east-1a.masters.kops.rich-dev.ca",
                            "availability_zones.#": "1",
                            "availability_zones.3569565595": "us-east-1a",
                            "default_cooldown": "300",
                            "desired_capacity": "1",
                            "force_delete": "false",
                            "health_check_grace_period": "300",
                            "health_check_type": "EC2",
                            "id": "master-us-east-1a.masters.kops.rich-dev.ca",
                            "launch_configuration": "master-us-east-1a.masters.kops.rich-dev.ca-20161207023809757032398oma",
                            "load_balancers.#": "0",
                            "max_size": "1",
                            "metrics_granularity": "1Minute",
                            "min_size": "1",
                            "name": "master-us-east-1a.masters.kops.rich-dev.ca",
                            "placement_group": "",
                            "protect_from_scale_in": "false",
                            "tag.#": "3",
                            "tag.1601041186.key": "k8s.io/role/master",
                            "tag.1601041186.propagate_at_launch": "true",
                            "tag.1601041186.value": "1",
                            "tag.2121308032.key": "KubernetesCluster",
                            "tag.2121308032.propagate_at_launch": "true",
                            "tag.2121308032.value": "kops.rich-dev.ca",
                            "tag.3787729185.key": "Name",
                            "tag.3787729185.propagate_at_launch": "true",
                            "tag.3787729185.value": "master-us-east-1a.masters.kops.rich-dev.ca",
                            "target_group_arns.#": "0",
                            "termination_policies.#": "0",
                            "vpc_zone_identifier.#": "1",
                            "vpc_zone_identifier.3919402486": "subnet-8e8a07d5",
                            "wait_for_capacity_timeout": "10m"
                        },
                        "meta": {},
                        "tainted": false
                    },
                    "deposed": [],
                    "provider": ""
                },
                "aws_autoscaling_group.nodes-kops-rich-dev-ca": {
                    "type": "aws_autoscaling_group",
                    "depends_on": [
                        "aws_launch_configuration.nodes-kops-rich-dev-ca",
                        "aws_subnet.us-east-1a-kops-rich-dev-ca"
                    ],
                    "primary": {
                        "id": "nodes.kops.rich-dev.ca",
                        "attributes": {
                            "arn": "arn:aws:autoscaling:us-east-1:161662518216:autoScalingGroup:24ce790e-a7ff-43ab-8f2d-e60e543e3ab0:autoScalingGroupName/nodes.kops.rich-dev.ca",
                            "availability_zones.#": "1",
                            "availability_zones.3569565595": "us-east-1a",
                            "default_cooldown": "300",
                            "desired_capacity": "3",
                            "force_delete": "false",
                            "health_check_grace_period": "300",
                            "health_check_type": "EC2",
                            "id": "nodes.kops.rich-dev.ca",
                            "launch_configuration": "nodes.kops.rich-dev.ca-20161207023810762191986iho",
                            "load_balancers.#": "0",
                            "max_size": "3",
                            "metrics_granularity": "1Minute",
                            "min_size": "3",
                            "name": "nodes.kops.rich-dev.ca",
                            "placement_group": "",
                            "protect_from_scale_in": "false",
                            "tag.#": "3",
                            "tag.1967977115.key": "k8s.io/role/node",
                            "tag.1967977115.propagate_at_launch": "true",
                            "tag.1967977115.value": "1",
                            "tag.2121308032.key": "KubernetesCluster",
                            "tag.2121308032.propagate_at_launch": "true",
                            "tag.2121308032.value": "kops.rich-dev.ca",
                            "tag.3295670224.key": "Name",
                            "tag.3295670224.propagate_at_launch": "true",
                            "tag.3295670224.value": "nodes.kops.rich-dev.ca",
                            "target_group_arns.#": "0",
                            "termination_policies.#": "0",
                            "vpc_zone_identifier.#": "1",
                            "vpc_zone_identifier.3919402486": "subnet-8e8a07d5",
                            "wait_for_capacity_timeout": "10m"
                        },
                        "meta": {},
                        "tainted": false
                    },
                    "deposed": [],
                    "provider": ""
                },
                "aws_ebs_volume.us-east-1a-etcd-events-kops-rich-dev-ca": {
                    "type": "aws_ebs_volume",
                    "depends_on": [],
                    "primary": {
                        "id": "vol-f8b32a69",
                        "attributes": {
                            "availability_zone": "us-east-1a",
                            "encrypted": "false",
                            "id": "vol-f8b32a69",
                            "size": "20",
                            "snapshot_id": "",
                            "tags.%": "4",
                            "tags.KubernetesCluster": "kops.rich-dev.ca",
                            "tags.Name": "us-east-1a.etcd-events.kops.rich-dev.ca",
                            "tags.k8s.io/etcd/events": "us-east-1a/us-east-1a",
                            "tags.k8s.io/role/master": "1",
                            "type": "gp2"
                        },
                        "meta": {},
                        "tainted": false
                    },
                    "deposed": [],
                    "provider": ""
                },
                "aws_ebs_volume.us-east-1a-etcd-main-kops-rich-dev-ca": {
                    "type": "aws_ebs_volume",
                    "depends_on": [],
                    "primary": {
                        "id": "vol-34b32aa5",
                        "attributes": {
                            "availability_zone": "us-east-1a",
                            "encrypted": "false",
                            "id": "vol-34b32aa5",
                            "size": "20",
                            "snapshot_id": "",
                            "tags.%": "4",
                            "tags.KubernetesCluster": "kops.rich-dev.ca",
                            "tags.Name": "us-east-1a.etcd-main.kops.rich-dev.ca",
                            "tags.k8s.io/etcd/main": "us-east-1a/us-east-1a",
                            "tags.k8s.io/role/master": "1",
                            "type": "gp2"
                        },
                        "meta": {},
                        "tainted": false
                    },
                    "deposed": [],
                    "provider": ""
                },
                "aws_iam_instance_profile.masters-kops-rich-dev-ca": {
                    "type": "aws_iam_instance_profile",
                    "depends_on": [
                        "aws_iam_role.masters-kops-rich-dev-ca"
                    ],
                    "primary": {
                        "id": "masters.kops.rich-dev.ca",
                        "attributes": {
                            "arn": "arn:aws:iam::161662518216:instance-profile/masters.kops.rich-dev.ca",
                            "id": "masters.kops.rich-dev.ca",
                            "name": "masters.kops.rich-dev.ca",
                            "path": "/",
                            "roles.#": "1",
                            "roles.2437972938": "masters.kops.rich-dev.ca"
                        },
                        "meta": {},
                        "tainted": false
                    },
                    "deposed": [],
                    "provider": ""
                },
                "aws_iam_instance_profile.nodes-kops-rich-dev-ca": {
                    "type": "aws_iam_instance_profile",
                    "depends_on": [
                        "aws_iam_role.nodes-kops-rich-dev-ca"
                    ],
                    "primary": {
                        "id": "nodes.kops.rich-dev.ca",
                        "attributes": {
                            "arn": "arn:aws:iam::161662518216:instance-profile/nodes.kops.rich-dev.ca",
                            "id": "nodes.kops.rich-dev.ca",
                            "name": "nodes.kops.rich-dev.ca",
                            "path": "/",
                            "roles.#": "1",
                            "roles.2532199808": "nodes.kops.rich-dev.ca"
                        },
                        "meta": {},
                        "tainted": false
                    },
                    "deposed": [],
                    "provider": ""
                },
                "aws_iam_role.masters-kops-rich-dev-ca": {
                    "type": "aws_iam_role",
                    "depends_on": [],
                    "primary": {
                        "id": "masters.kops.rich-dev.ca",
                        "attributes": {
                            "arn": "arn:aws:iam::161662518216:role/masters.kops.rich-dev.ca",
                            "assume_role_policy": "{\n  \"Version\": \"2012-10-17\",\n  \"Statement\": [\n    {\n      \"Effect\": \"Allow\",\n      \"Principal\": { \"Service\": \"ec2.amazonaws.com\"},\n      \"Action\": \"sts:AssumeRole\"\n    }\n  ]\n}\n",
                            "create_date": "2016-12-07T02:38:01Z",
                            "id": "masters.kops.rich-dev.ca",
                            "name": "masters.kops.rich-dev.ca",
                            "path": "/",
                            "unique_id": "AROAI2N5NG5ESI4SGPWMW"
                        },
                        "meta": {},
                        "tainted": false
                    },
                    "deposed": [],
                    "provider": ""
                },
                "aws_iam_role.nodes-kops-rich-dev-ca": {
                    "type": "aws_iam_role",
                    "depends_on": [],
                    "primary": {
                        "id": "nodes.kops.rich-dev.ca",
                        "attributes": {
                            "arn": "arn:aws:iam::161662518216:role/nodes.kops.rich-dev.ca",
                            "assume_role_policy": "{\n  \"Version\": \"2012-10-17\",\n  \"Statement\": [\n    {\n      \"Effect\": \"Allow\",\n      \"Principal\": { \"Service\": \"ec2.amazonaws.com\"},\n      \"Action\": \"sts:AssumeRole\"\n    }\n  ]\n}\n",
                            "create_date": "2016-12-07T02:38:01Z",
                            "id": "nodes.kops.rich-dev.ca",
                            "name": "nodes.kops.rich-dev.ca",
                            "path": "/",
                            "unique_id": "AROAI6ENVOO2PT7ZGJ24Q"
                        },
                        "meta": {},
                        "tainted": false
                    },
                    "deposed": [],
                    "provider": ""
                },
                "aws_iam_role_policy.masters-kops-rich-dev-ca": {
                    "type": "aws_iam_role_policy",
                    "depends_on": [
                        "aws_iam_role.masters-kops-rich-dev-ca"
                    ],
                    "primary": {
                        "id": "masters.kops.rich-dev.ca:masters.kops.rich-dev.ca",
                        "attributes": {
                            "id": "masters.kops.rich-dev.ca:masters.kops.rich-dev.ca",
                            "name": "masters.kops.rich-dev.ca",
                            "policy": "{\n  \"Version\": \"2012-10-17\",\n  \"Statement\": [\n    {\n      \"Effect\": \"Allow\",\n      \"Action\": [\n        \"ecr:GetAuthorizationToken\",\n        \"ecr:BatchCheckLayerAvailability\",\n        \"ecr:GetDownloadUrlForLayer\",\n        \"ecr:GetRepositoryPolicy\",\n        \"ecr:DescribeRepositories\",\n        \"ecr:ListImages\",\n        \"ecr:BatchGetImage\"\n      ],\n      \"Resource\": [\n        \"*\"\n      ]\n    },\n    {\n      \"Effect\": \"Allow\",\n      \"Action\": [\n        \"ec2:*\"\n      ],\n      \"Resource\": [\n        \"*\"\n      ]\n    },\n    {\n      \"Effect\": \"Allow\",\n      \"Action\": [\n        \"route53:*\"\n      ],\n      \"Resource\": [\n        \"*\"\n      ]\n    },\n    {\n      \"Effect\": \"Allow\",\n      \"Action\": [\n        \"elasticloadbalancing:*\"\n      ],\n      \"Resource\": [\n        \"*\"\n      ]\n    },\n    {\n      \"Effect\": \"Allow\",\n      \"Action\": [\n        \"s3:*\"\n      ],\n      \"Resource\": [\n        \"arn:aws:s3:::kops-kops.rich-dev.ca/kops.rich-dev.ca\",\n        \"arn:aws:s3:::kops-kops.rich-dev.ca/kops.rich-dev.ca/*\"\n      ]\n    },\n    {\n      \"Effect\": \"Allow\",\n      \"Action\": [\n        \"s3:GetBucketLocation\",\n        \"s3:ListBucket\"\n      ],\n      \"Resource\": [\n        \"arn:aws:s3:::kops-kops.rich-dev.ca\"\n      ]\n    }\n  ]\n}",
                            "role": "masters.kops.rich-dev.ca"
                        },
                        "meta": {},
                        "tainted": false
                    },
                    "deposed": [],
                    "provider": ""
                },
                "aws_iam_role_policy.nodes-kops-rich-dev-ca": {
                    "type": "aws_iam_role_policy",
                    "depends_on": [
                        "aws_iam_role.nodes-kops-rich-dev-ca"
                    ],
                    "primary": {
                        "id": "nodes.kops.rich-dev.ca:nodes.kops.rich-dev.ca",
                        "attributes": {
                            "id": "nodes.kops.rich-dev.ca:nodes.kops.rich-dev.ca",
                            "name": "nodes.kops.rich-dev.ca",
                            "policy": "{\n  \"Version\": \"2012-10-17\",\n  \"Statement\": [\n    {\n      \"Effect\": \"Allow\",\n      \"Action\": [\n        \"ec2:Describe*\"\n      ],\n      \"Resource\": [\n        \"*\"\n      ]\n    },\n    {\n      \"Effect\": \"Allow\",\n      \"Action\": [\n        \"route53:*\"\n      ],\n      \"Resource\": [\n        \"*\"\n      ]\n    },\n    {\n      \"Effect\": \"Allow\",\n      \"Action\": [\n        \"ecr:GetAuthorizationToken\",\n        \"ecr:BatchCheckLayerAvailability\",\n        \"ecr:GetDownloadUrlForLayer\",\n        \"ecr:GetRepositoryPolicy\",\n        \"ecr:DescribeRepositories\",\n        \"ecr:ListImages\",\n        \"ecr:BatchGetImage\"\n      ],\n      \"Resource\": [\n        \"*\"\n      ]\n    },\n    {\n      \"Effect\": \"Allow\",\n      \"Action\": [\n        \"s3:*\"\n      ],\n      \"Resource\": [\n        \"arn:aws:s3:::kops-kops.rich-dev.ca/kops.rich-dev.ca\",\n        \"arn:aws:s3:::kops-kops.rich-dev.ca/kops.rich-dev.ca/*\"\n      ]\n    },\n    {\n      \"Effect\": \"Allow\",\n      \"Action\": [\n        \"s3:GetBucketLocation\",\n        \"s3:ListBucket\"\n      ],\n      \"Resource\": [\n        \"arn:aws:s3:::kops-kops.rich-dev.ca\"\n      ]\n    }\n  ]\n}",
                            "role": "nodes.kops.rich-dev.ca"
                        },
                        "meta": {},
                        "tainted": false
                    },
                    "deposed": [],
                    "provider": ""
                },
                "aws_internet_gateway.kops-rich-dev-ca": {
                    "type": "aws_internet_gateway",
                    "depends_on": [
                        "aws_vpc.kops-rich-dev-ca"
                    ],
                    "primary": {
                        "id": "igw-81a631e6",
                        "attributes": {
                            "id": "igw-81a631e6",
                            "tags.%": "2",
                            "tags.KubernetesCluster": "kops.rich-dev.ca",
                            "tags.Name": "kops.rich-dev.ca",
                            "vpc_id": "vpc-ccc109aa"
                        },
                        "meta": {},
                        "tainted": false
                    },
                    "deposed": [],
                    "provider": ""
                },
                "aws_key_pair.kubernetes-kops-rich-dev-ca-9bc8e26136d037a5e94f56fdd726140e": {
                    "type": "aws_key_pair",
                    "depends_on": [],
                    "primary": {
                        "id": "kubernetes.kops.rich-dev.ca-9b:c8:e2:61:36:d0:37:a5:e9:4f:56:fd:d7:26:14:0e",
                        "attributes": {
                            "id": "kubernetes.kops.rich-dev.ca-9b:c8:e2:61:36:d0:37:a5:e9:4f:56:fd:d7:26:14:0e",
                            "key_name": "kubernetes.kops.rich-dev.ca-9b:c8:e2:61:36:d0:37:a5:e9:4f:56:fd:d7:26:14:0e",
                            "public_key": "ssh-rsa AAAAB3NzaC1yc2EAAAADAQABAAABAQDPIahYcXaojjq0sUJGoWKvPxnSD+PPO4oP/vynKEp2UCWIa0QB56sucHnzFKogsKWswcuiklRz6GfMtzc2HbE/o1LXFil9EvdwAMd+/+4hUO7OWCmHyLrGFN7vhqqAHEj65Ok8KpbV75qGboqmMyoTRsnGTby+Tye1CMZdXJ0l8EMsLkLz/2mrbaAn1b7eoJjMoLt20YzIO4TiVquM+bcXCC6xEahOwhNLhT7JiaeebY7YPgwloaR3XDYtcQ7l72zp9RcSU0DsUeENTmaJOVU96gMMkbCequ7sOZfzTh+GoeEV+7Xbex1FVat8y06lzNAp8z6397iVbwkZZeI3ks75 Rich Lafferty rich@lafferty.ca 2016-04-29"
                        },
                        "meta": {
                            "schema_version": "1"
                        },
                        "tainted": false
                    },
                    "deposed": [],
                    "provider": ""
                },
                "aws_launch_configuration.master-us-east-1a-masters-kops-rich-dev-ca": {
                    "type": "aws_launch_configuration",
                    "depends_on": [
                        "aws_iam_instance_profile.masters-kops-rich-dev-ca",
                        "aws_key_pair.kubernetes-kops-rich-dev-ca-9bc8e26136d037a5e94f56fdd726140e",
                        "aws_security_group.masters-kops-rich-dev-ca"
                    ],
                    "primary": {
                        "id": "master-us-east-1a.masters.kops.rich-dev.ca-20161207023809757032398oma",
                        "attributes": {
                            "associate_public_ip_address": "true",
                            "ebs_block_device.#": "0",
                            "ebs_optimized": "false",
                            "enable_monitoring": "true",
                            "ephemeral_block_device.#": "0",
                            "iam_instance_profile": "masters.kops.rich-dev.ca",
                            "id": "master-us-east-1a.masters.kops.rich-dev.ca-20161207023809757032398oma",
                            "image_id": "ami-4bb3e05c",
                            "instance_type": "t2.micro",
                            "key_name": "kubernetes.kops.rich-dev.ca-9b:c8:e2:61:36:d0:37:a5:e9:4f:56:fd:d7:26:14:0e",
                            "name": "master-us-east-1a.masters.kops.rich-dev.ca-20161207023809757032398oma",
                            "name_prefix": "master-us-east-1a.masters.kops.rich-dev.ca-",
                            "root_block_device.#": "1",
                            "root_block_device.0.delete_on_termination": "true",
                            "root_block_device.0.iops": "0",
                            "root_block_device.0.volume_size": "20",
                            "root_block_device.0.volume_type": "gp2",
                            "security_groups.#": "1",
                            "security_groups.3771886384": "sg-e4682699",
                            "spot_price": "",
                            "user_data": "284f594240e1bd4be262416e1e7aefea8230489c",
                            "vpc_classic_link_id": "",
                            "vpc_classic_link_security_groups.#": "0"
                        },
                        "meta": {},
                        "tainted": false
                    },
                    "deposed": [],
                    "provider": ""
                },
                "aws_launch_configuration.nodes-kops-rich-dev-ca": {
                    "type": "aws_launch_configuration",
                    "depends_on": [
                        "aws_iam_instance_profile.nodes-kops-rich-dev-ca",
                        "aws_key_pair.kubernetes-kops-rich-dev-ca-9bc8e26136d037a5e94f56fdd726140e",
                        "aws_security_group.nodes-kops-rich-dev-ca"
                    ],
                    "primary": {
                        "id": "nodes.kops.rich-dev.ca-20161207023810762191986iho",
                        "attributes": {
                            "associate_public_ip_address": "true",
                            "ebs_block_device.#": "0",
                            "ebs_optimized": "false",
                            "enable_monitoring": "true",
                            "ephemeral_block_device.#": "0",
                            "iam_instance_profile": "nodes.kops.rich-dev.ca",
                            "id": "nodes.kops.rich-dev.ca-20161207023810762191986iho",
                            "image_id": "ami-4bb3e05c",
                            "instance_type": "t2.micro",
                            "key_name": "kubernetes.kops.rich-dev.ca-9b:c8:e2:61:36:d0:37:a5:e9:4f:56:fd:d7:26:14:0e",
                            "name": "nodes.kops.rich-dev.ca-20161207023810762191986iho",
                            "name_prefix": "nodes.kops.rich-dev.ca-",
                            "root_block_device.#": "1",
                            "root_block_device.0.delete_on_termination": "true",
                            "root_block_device.0.iops": "0",
                            "root_block_device.0.volume_size": "20",
                            "root_block_device.0.volume_type": "gp2",
                            "security_groups.#": "1",
                            "security_groups.3028985963": "sg-e768269a",
                            "spot_price": "",
                            "user_data": "46670b628422e1c7d7f4a1eab5aa2dde37dbb0bd",
                            "vpc_classic_link_id": "",
                            "vpc_classic_link_security_groups.#": "0"
                        },
                        "meta": {},
                        "tainted": false
                    },
                    "deposed": [],
                    "provider": ""
                },
                "aws_route.0-0-0-0--0": {
                    "type": "aws_route",
                    "depends_on": [
                        "aws_internet_gateway.kops-rich-dev-ca",
                        "aws_route_table.kops-rich-dev-ca"
                    ],
                    "primary": {
                        "id": "r-rtb-fb6a6f9d1080289494",
                        "attributes": {
                            "destination_cidr_block": "0.0.0.0/0",
                            "destination_prefix_list_id": "",
                            "gateway_id": "igw-81a631e6",
                            "id": "r-rtb-fb6a6f9d1080289494",
                            "instance_id": "",
                            "instance_owner_id": "",
                            "nat_gateway_id": "",
                            "network_interface_id": "",
                            "origin": "CreateRoute",
                            "route_table_id": "rtb-fb6a6f9d",
                            "state": "active",
                            "vpc_peering_connection_id": ""
                        },
                        "meta": {},
                        "tainted": false
                    },
                    "deposed": [],
                    "provider": ""
                },
                "aws_route_table.kops-rich-dev-ca": {
                    "type": "aws_route_table",
                    "depends_on": [
                        "aws_vpc.kops-rich-dev-ca"
                    ],
                    "primary": {
                        "id": "rtb-fb6a6f9d",
                        "attributes": {
                            "id": "rtb-fb6a6f9d",
                            "propagating_vgws.#": "0",
                            "route.#": "0",
                            "tags.%": "2",
                            "tags.KubernetesCluster": "kops.rich-dev.ca",
                            "tags.Name": "kops.rich-dev.ca",
                            "vpc_id": "vpc-ccc109aa"
                        },
                        "meta": {},
                        "tainted": false
                    },
                    "deposed": [],
                    "provider": ""
                },
                "aws_route_table_association.us-east-1a-kops-rich-dev-ca": {
                    "type": "aws_route_table_association",
                    "depends_on": [
                        "aws_route_table.kops-rich-dev-ca",
                        "aws_subnet.us-east-1a-kops-rich-dev-ca"
                    ],
                    "primary": {
                        "id": "rtbassoc-62464c1b",
                        "attributes": {
                            "id": "rtbassoc-62464c1b",
                            "route_table_id": "rtb-fb6a6f9d",
                            "subnet_id": "subnet-8e8a07d5"
                        },
                        "meta": {},
                        "tainted": false
                    },
                    "deposed": [],
                    "provider": ""
                },
                "aws_security_group.masters-kops-rich-dev-ca": {
                    "type": "aws_security_group",
                    "depends_on": [
                        "aws_vpc.kops-rich-dev-ca"
                    ],
                    "primary": {
                        "id": "sg-e4682699",
                        "attributes": {
                            "description": "Security group for masters",
                            "egress.#": "0",
                            "id": "sg-e4682699",
                            "ingress.#": "0",
                            "name": "masters.kops.rich-dev.ca",
                            "owner_id": "161662518216",
                            "tags.%": "2",
                            "tags.KubernetesCluster": "kops.rich-dev.ca",
                            "tags.Name": "masters.kops.rich-dev.ca",
                            "vpc_id": "vpc-ccc109aa"
                        },
                        "meta": {},
                        "tainted": false
                    },
                    "deposed": [],
                    "provider": ""
                },
                "aws_security_group.nodes-kops-rich-dev-ca": {
                    "type": "aws_security_group",
                    "depends_on": [
                        "aws_vpc.kops-rich-dev-ca"
                    ],
                    "primary": {
                        "id": "sg-e768269a",
                        "attributes": {
                            "description": "Security group for nodes",
                            "egress.#": "0",
                            "id": "sg-e768269a",
                            "ingress.#": "0",
                            "name": "nodes.kops.rich-dev.ca",
                            "owner_id": "161662518216",
                            "tags.%": "2",
                            "tags.KubernetesCluster": "kops.rich-dev.ca",
                            "tags.Name": "nodes.kops.rich-dev.ca",
                            "vpc_id": "vpc-ccc109aa"
                        },
                        "meta": {},
                        "tainted": false
                    },
                    "deposed": [],
                    "provider": ""
                },
                "aws_security_group_rule.all-master-to-master": {
                    "type": "aws_security_group_rule",
                    "depends_on": [
                        "aws_security_group.masters-kops-rich-dev-ca"
                    ],
                    "primary": {
                        "id": "sgrule-1759832661",
                        "attributes": {
                            "from_port": "0",
                            "id": "sgrule-1759832661",
                            "protocol": "-1",
                            "security_group_id": "sg-e4682699",
                            "self": "false",
                            "source_security_group_id": "sg-e4682699",
                            "to_port": "0",
                            "type": "ingress"
                        },
                        "meta": {
                            "schema_version": "2"
                        },
                        "tainted": false
                    },
                    "deposed": [],
                    "provider": ""
                },
                "aws_security_group_rule.all-master-to-node": {
                    "type": "aws_security_group_rule",
                    "depends_on": [
                        "aws_security_group.masters-kops-rich-dev-ca",
                        "aws_security_group.nodes-kops-rich-dev-ca"
                    ],
                    "primary": {
                        "id": "sgrule-2589651725",
                        "attributes": {
                            "from_port": "0",
                            "id": "sgrule-2589651725",
                            "protocol": "-1",
                            "security_group_id": "sg-e768269a",
                            "self": "false",
                            "source_security_group_id": "sg-e4682699",
                            "to_port": "0",
                            "type": "ingress"
                        },
                        "meta": {
                            "schema_version": "2"
                        },
                        "tainted": false
                    },
                    "deposed": [],
                    "provider": ""
                },
                "aws_security_group_rule.all-node-to-master": {
                    "type": "aws_security_group_rule",
                    "depends_on": [
                        "aws_security_group.masters-kops-rich-dev-ca",
                        "aws_security_group.nodes-kops-rich-dev-ca"
                    ],
                    "primary": {
                        "id": "sgrule-868657560",
                        "attributes": {
                            "from_port": "0",
                            "id": "sgrule-868657560",
                            "protocol": "-1",
                            "security_group_id": "sg-e4682699",
                            "self": "false",
                            "source_security_group_id": "sg-e768269a",
                            "to_port": "0",
                            "type": "ingress"
                        },
                        "meta": {
                            "schema_version": "2"
                        },
                        "tainted": false
                    },
                    "deposed": [],
                    "provider": ""
                },
                "aws_security_group_rule.all-node-to-node": {
                    "type": "aws_security_group_rule",
                    "depends_on": [
                        "aws_security_group.nodes-kops-rich-dev-ca"
                    ],
                    "primary": {
                        "id": "sgrule-3245912256",
                        "attributes": {
                            "from_port": "0",
                            "id": "sgrule-3245912256",
                            "protocol": "-1",
                            "security_group_id": "sg-e768269a",
                            "self": "false",
                            "source_security_group_id": "sg-e768269a",
                            "to_port": "0",
                            "type": "ingress"
                        },
                        "meta": {
                            "schema_version": "2"
                        },
                        "tainted": false
                    },
                    "deposed": [],
                    "provider": ""
                },
                "aws_security_group_rule.https-external-to-master": {
                    "type": "aws_security_group_rule",
                    "depends_on": [
                        "aws_security_group.masters-kops-rich-dev-ca"
                    ],
                    "primary": {
                        "id": "sgrule-1131917972",
                        "attributes": {
                            "cidr_blocks.#": "1",
                            "cidr_blocks.0": "0.0.0.0/0",
                            "from_port": "443",
                            "id": "sgrule-1131917972",
                            "protocol": "tcp",
                            "security_group_id": "sg-e4682699",
                            "self": "false",
                            "to_port": "443",
                            "type": "ingress"
                        },
                        "meta": {
                            "schema_version": "2"
                        },
                        "tainted": false
                    },
                    "deposed": [],
                    "provider": ""
                },
                "aws_security_group_rule.master-egress": {
                    "type": "aws_security_group_rule",
                    "depends_on": [
                        "aws_security_group.masters-kops-rich-dev-ca"
                    ],
                    "primary": {
                        "id": "sgrule-1098838824",
                        "attributes": {
                            "cidr_blocks.#": "1",
                            "cidr_blocks.0": "0.0.0.0/0",
                            "from_port": "0",
                            "id": "sgrule-1098838824",
                            "protocol": "-1",
                            "security_group_id": "sg-e4682699",
                            "self": "false",
                            "to_port": "0",
                            "type": "egress"
                        },
                        "meta": {
                            "schema_version": "2"
                        },
                        "tainted": false
                    },
                    "deposed": [],
                    "provider": ""
                },
                "aws_security_group_rule.node-egress": {
                    "type": "aws_security_group_rule",
                    "depends_on": [
                        "aws_security_group.nodes-kops-rich-dev-ca"
                    ],
                    "primary": {
                        "id": "sgrule-2572860297",
                        "attributes": {
                            "cidr_blocks.#": "1",
                            "cidr_blocks.0": "0.0.0.0/0",
                            "from_port": "0",
                            "id": "sgrule-2572860297",
                            "protocol": "-1",
                            "security_group_id": "sg-e768269a",
                            "self": "false",
                            "to_port": "0",
                            "type": "egress"
                        },
                        "meta": {
                            "schema_version": "2"
                        },
                        "tainted": false
                    },
                    "deposed": [],
                    "provider": ""
                },
                "aws_security_group_rule.ssh-external-to-master": {
                    "type": "aws_security_group_rule",
                    "depends_on": [
                        "aws_security_group.masters-kops-rich-dev-ca"
                    ],
                    "primary": {
                        "id": "sgrule-1727487329",
                        "attributes": {
                            "cidr_blocks.#": "1",
                            "cidr_blocks.0": "0.0.0.0/0",
                            "from_port": "22",
                            "id": "sgrule-1727487329",
                            "protocol": "tcp",
                            "security_group_id": "sg-e4682699",
                            "self": "false",
                            "to_port": "22",
                            "type": "ingress"
                        },
                        "meta": {
                            "schema_version": "2"
                        },
                        "tainted": false
                    },
                    "deposed": [],
                    "provider": ""
                },
                "aws_security_group_rule.ssh-external-to-node": {
                    "type": "aws_security_group_rule",
                    "depends_on": [
                        "aws_security_group.nodes-kops-rich-dev-ca"
                    ],
                    "primary": {
                        "id": "sgrule-1380774613",
                        "attributes": {
                            "cidr_blocks.#": "1",
                            "cidr_blocks.0": "0.0.0.0/0",
                            "from_port": "22",
                            "id": "sgrule-1380774613",
                            "protocol": "tcp",
                            "security_group_id": "sg-e768269a",
                            "self": "false",
                            "to_port": "22",
                            "type": "ingress"
                        },
                        "meta": {
                            "schema_version": "2"
                        },
                        "tainted": false
                    },
                    "deposed": [],
                    "provider": ""
                },
                "aws_subnet.us-east-1a-kops-rich-dev-ca": {
                    "type": "aws_subnet",
                    "depends_on": [
                        "aws_vpc.kops-rich-dev-ca"
                    ],
                    "primary": {
                        "id": "subnet-8e8a07d5",
                        "attributes": {
                            "availability_zone": "us-east-1a",
                            "cidr_block": "172.20.32.0/19",
                            "id": "subnet-8e8a07d5",
                            "map_public_ip_on_launch": "false",
                            "tags.%": "2",
                            "tags.KubernetesCluster": "kops.rich-dev.ca",
                            "tags.Name": "us-east-1a.kops.rich-dev.ca",
                            "vpc_id": "vpc-ccc109aa"
                        },
                        "meta": {},
                        "tainted": false
                    },
                    "deposed": [],
                    "provider": ""
                },
                "aws_vpc.kops-rich-dev-ca": {
                    "type": "aws_vpc",
                    "depends_on": [],
                    "primary": {
                        "id": "vpc-ccc109aa",
                        "attributes": {
                            "cidr_block": "172.20.0.0/16",
                            "default_network_acl_id": "acl-3376e355",
                            "default_route_table_id": "rtb-f06a6f96",
                            "default_security_group_id": "sg-f768268a",
                            "dhcp_options_id": "dopt-d1a5b5b3",
                            "enable_classiclink": "false",
                            "enable_dns_hostnames": "true",
                            "enable_dns_support": "true",
                            "id": "vpc-ccc109aa",
                            "instance_tenancy": "default",
                            "main_route_table_id": "rtb-f06a6f96",
                            "tags.%": "2",
                            "tags.KubernetesCluster": "kops.rich-dev.ca",
                            "tags.Name": "kops.rich-dev.ca"
                        },
                        "meta": {},
                        "tainted": false
                    },
                    "deposed": [],
                    "provider": ""
                },
                "aws_vpc_dhcp_options.kops-rich-dev-ca": {
                    "type": "aws_vpc_dhcp_options",
                    "depends_on": [],
                    "primary": {
                        "id": "dopt-2b47864c",
                        "attributes": {
                            "domain_name": "ec2.internal",
                            "domain_name_servers.#": "1",
                            "domain_name_servers.0": "AmazonProvidedDNS",
                            "id": "dopt-2b47864c",
                            "tags.%": "2",
                            "tags.KubernetesCluster": "kops.rich-dev.ca",
                            "tags.Name": "kops.rich-dev.ca"
                        },
                        "meta": {},
                        "tainted": false
                    },
                    "deposed": [],
                    "provider": ""
                },
                "aws_vpc_dhcp_options_association.kops-rich-dev-ca": {
                    "type": "aws_vpc_dhcp_options_association",
                    "depends_on": [
                        "aws_vpc.kops-rich-dev-ca",
                        "aws_vpc_dhcp_options.kops-rich-dev-ca"
                    ],
                    "primary": {
                        "id": "dopt-2b47864c-vpc-ccc109aa",
                        "attributes": {
                            "dhcp_options_id": "dopt-2b47864c",
                            "id": "dopt-2b47864c-vpc-ccc109aa",
                            "vpc_id": "vpc-ccc109aa"
                        },
                        "meta": {},
                        "tainted": false
                    },
                    "deposed": [],
                    "provider": ""
                }
            },
            "depends_on": []
        }
    ]
}
