{
    "version": 3,
    "terraform_version": "0.7.13",
    "serial": 1,
    "lineage": "afd2b6ec-2a90-4cb8-a1ae-71950dd985f1",
    "modules": [
        {
            "path": [
                "root"
            ],
            "outputs": {
                "consul_address": {
                    "sensitive": false,
                    "type": "string",
                    "value": "ec2-54-197-22-154.compute-1.amazonaws.com"
                }
            },
            "resources": {},
            "depends_on": []
        },
        {
            "path": [
                "root",
                "consul"
            ],
            "outputs": {
                "server_address": {
                    "sensitive": false,
                    "type": "string",
                    "value": "ec2-54-197-22-154.compute-1.amazonaws.com"
                }
            },
            "resources": {
                "aws_instance.server.0": {
                    "type": "aws_instance",
                    "depends_on": [
                        "aws_security_group.consul"
                    ],
                    "primary": {
                        "id": "i-d6c101c1",
                        "attributes": {
                            "ami": "ami-fce3c696",
                            "associate_public_ip_address": "true",
                            "availability_zone": "us-east-1c",
                            "disable_api_termination": "false",
                            "ebs_block_device.#": "0",
                            "ebs_optimized": "false",
                            "ephemeral_block_device.#": "0",
                            "iam_instance_profile": "",
                            "id": "i-d6c101c1",
                            "instance_state": "running",
                            "instance_type": "t2.micro",
                            "key_name": "awstest",
                            "monitoring": "false",
                            "network_interface_id": "eni-5ab328a4",
                            "private_dns": "ip-172-31-47-165.ec2.internal",
                            "private_ip": "172.31.47.165",
                            "public_dns": "ec2-54-197-22-154.compute-1.amazonaws.com",
                            "public_ip": "54.197.22.154",
                            "root_block_device.#": "1",
                            "root_block_device.0.delete_on_termination": "true",
                            "root_block_device.0.iops": "100",
                            "root_block_device.0.volume_size": "8",
                            "root_block_device.0.volume_type": "gp2",
                            "security_groups.#": "1",
                            "security_groups.3694337380": "consul_ubuntu",
                            "source_dest_check": "true",
                            "subnet_id": "subnet-39576f11",
                            "tags.%": "2",
                            "tags.ConsulRole": "Server",
                            "tags.Name": "consul-0",
                            "tenancy": "default",
                            "vpc_security_group_ids.#": "0"
                        },
                        "meta": {
                            "schema_version": "1"
                        },
                        "tainted": false
                    },
                    "deposed": [],
                    "provider": ""
                },
                "aws_instance.server.1": {
                    "type": "aws_instance",
                    "depends_on": [
                        "aws_instance.server.0",
                        "aws_security_group.consul"
                    ],
                    "primary": {
                        "id": "i-62c30375",
                        "attributes": {
                            "ami": "ami-fce3c696",
                            "associate_public_ip_address": "true",
                            "availability_zone": "us-east-1c",
                            "disable_api_termination": "false",
                            "ebs_block_device.#": "0",
                            "ebs_optimized": "false",
                            "ephemeral_block_device.#": "0",
                            "iam_instance_profile": "",
                            "id": "i-62c30375",
                            "instance_state": "running",
                            "instance_type": "t2.micro",
                            "key_name": "awstest",
                            "monitoring": "false",
                            "network_interface_id": "eni-99b42f67",
                            "private_dns": "ip-172-31-44-122.ec2.internal",
                            "private_ip": "172.31.44.122",
                            "public_dns": "ec2-54-175-189-67.compute-1.amazonaws.com",
                            "public_ip": "54.175.189.67",
                            "root_block_device.#": "1",
                            "root_block_device.0.delete_on_termination": "true",
                            "root_block_device.0.iops": "100",
                            "root_block_device.0.volume_size": "8",
                            "root_block_device.0.volume_type": "gp2",
                            "security_groups.#": "1",
                            "security_groups.3694337380": "consul_ubuntu",
                            "source_dest_check": "true",
                            "subnet_id": "subnet-39576f11",
                            "tags.%": "2",
                            "tags.ConsulRole": "Server",
                            "tags.Name": "consul-1",
                            "tenancy": "default",
                            "vpc_security_group_ids.#": "0"
                        },
                        "meta": {
                            "schema_version": "1"
                        },
                        "tainted": false
                    },
                    "deposed": [],
                    "provider": ""
                },
                "aws_instance.server.2": {
                    "type": "aws_instance",
                    "depends_on": [
                        "aws_instance.server.0",
                        "aws_security_group.consul"
                    ],
                    "primary": {
                        "id": "i-63c30374",
                        "attributes": {
                            "ami": "ami-fce3c696",
                            "associate_public_ip_address": "true",
                            "availability_zone": "us-east-1c",
                            "disable_api_termination": "false",
                            "ebs_block_device.#": "0",
                            "ebs_optimized": "false",
                            "ephemeral_block_device.#": "0",
                            "iam_instance_profile": "",
                            "id": "i-63c30374",
                            "instance_state": "running",
                            "instance_type": "t2.micro",
                            "key_name": "awstest",
                            "monitoring": "false",
                            "network_interface_id": "eni-b5bb204b",
                            "private_dns": "ip-172-31-41-214.ec2.internal",
                            "private_ip": "172.31.41.214",
                            "public_dns": "ec2-52-87-189-225.compute-1.amazonaws.com",
                            "public_ip": "52.87.189.225",
                            "root_block_device.#": "1",
                            "root_block_device.0.delete_on_termination": "true",
                            "root_block_device.0.iops": "100",
                            "root_block_device.0.volume_size": "8",
                            "root_block_device.0.volume_type": "gp2",
                            "security_groups.#": "1",
                            "security_groups.3694337380": "consul_ubuntu",
                            "source_dest_check": "true",
                            "subnet_id": "subnet-39576f11",
                            "tags.%": "2",
                            "tags.ConsulRole": "Server",
                            "tags.Name": "consul-2",
                            "tenancy": "default",
                            "vpc_security_group_ids.#": "0"
                        },
                        "meta": {
                            "schema_version": "1"
                        },
                        "tainted": false
                    },
                    "deposed": [],
                    "provider": ""
                },
                "aws_security_group.consul": {
                    "type": "aws_security_group",
                    "depends_on": [],
                    "primary": {
                        "id": "sg-38327345",
                        "attributes": {
                            "description": "Consul internal traffic + maintenance.",
                            "egress.#": "1",
                            "egress.482069346.cidr_blocks.#": "1",
                            "egress.482069346.cidr_blocks.0": "0.0.0.0/0",
                            "egress.482069346.from_port": "0",
                            "egress.482069346.prefix_list_ids.#": "0",
                            "egress.482069346.protocol": "-1",
                            "egress.482069346.security_groups.#": "0",
                            "egress.482069346.self": "false",
                            "egress.482069346.to_port": "0",
                            "id": "sg-38327345",
                            "ingress.#": "3",
                            "ingress.2541437006.cidr_blocks.#": "1",
                            "ingress.2541437006.cidr_blocks.0": "0.0.0.0/0",
                            "ingress.2541437006.from_port": "22",
                            "ingress.2541437006.protocol": "tcp",
                            "ingress.2541437006.security_groups.#": "0",
                            "ingress.2541437006.self": "false",
                            "ingress.2541437006.to_port": "22",
                            "ingress.3472572478.cidr_blocks.#": "0",
                            "ingress.3472572478.from_port": "0",
                            "ingress.3472572478.protocol": "udp",
                            "ingress.3472572478.security_groups.#": "0",
                            "ingress.3472572478.self": "true",
                            "ingress.3472572478.to_port": "65535",
                            "ingress.3544538468.cidr_blocks.#": "0",
                            "ingress.3544538468.from_port": "0",
                            "ingress.3544538468.protocol": "tcp",
                            "ingress.3544538468.security_groups.#": "0",
                            "ingress.3544538468.self": "true",
                            "ingress.3544538468.to_port": "65535",
                            "name": "consul_ubuntu",
                            "owner_id": "161662518216",
                            "tags.%": "0",
                            "vpc_id": "vpc-163fe173"
                        },
                        "meta": {},
                        "tainted": false
                    },
                    "deposed": [],
                    "provider": ""
                }
            },
            "depends_on": []
        }
    ]
}
